github.com/magefile/mage v1.9.0/go.mod h1:z5UZb/iS3GoOSn0JgWuiw7dxlurVYTu+/jHXqQg881A=
github.com/magefile/mage v1.11.0 h1:C/55Ywp9BpgVVclD3lRnSYCwXTYxmSppIgLeDYlNuls=
github.com/magefile/mage v1.11.0/go.mod h1:z5UZb/iS3GoOSn0JgWuiw7dxlurVYTu+/jHXqQg881A=
github.com/voyages-sncf-technologies/mageproj v1.0.6 h1:E7r/NgjcM7b1k8xliSsexkCF0ik/4JbbpN7VFrNHyj0=
github.com/voyages-sncf-technologies/mageproj v1.0.6/go.mod h1:+bu3lAIc8cWR3uMFspJ/jl9vsmW6TExVRbzGgC2bbG4=
